{
  "nodes": {
    "flake-compat": {
      "flake": false,
      "locked": {
        "lastModified": 1650374568,
        "narHash": "sha256-Z+s0J8/r907g149rllvwhb4pKi8Wam5ij0st8PwAh+E=",
        "owner": "edolstra",
        "repo": "flake-compat",
        "rev": "b4a34015c698c7793d592d66adbab377907a2be8",
        "type": "github"
      },
      "original": {
        "owner": "edolstra",
        "repo": "flake-compat",
        "type": "github"
      }
    },
    "flake-utils": {
      "locked": {
        "lastModified": 1644229661,
        "narHash": "sha256-1YdnJAsNy69bpcjuoKdOYQX0YxZBiCYZo4Twxerqv7k=",
        "owner": "numtide",
        "repo": "flake-utils",
        "rev": "3cecb5b042f7f209c56ffd8371b2711a290ec797",
        "type": "github"
      },
      "original": {
        "owner": "numtide",
        "repo": "flake-utils",
        "type": "github"
      }
    },
    "flake-utils_2": {
      "locked": {
        "lastModified": 1631561581,
        "narHash": "sha256-3VQMV5zvxaVLvqqUrNz3iJelLw30mIVSfZmAaauM3dA=",
        "owner": "numtide",
        "repo": "flake-utils",
        "rev": "7e5bf3925f6fbdfaf50a2a7ca0be2879c4261d19",
        "type": "github"
      },
      "original": {
        "owner": "numtide",
        "repo": "flake-utils",
        "type": "github"
      }
    },
    "home-manager": {
      "inputs": {
        "nixpkgs": [
          "nixpkgs"
        ],
        "utils": "utils"
      },
      "locked": {
        "lastModified": 1657887110,
        "narHash": "sha256-8VV0/kZed2z8fGtEc2zr+WLxTow+JTIlMjnSisyv0GQ=",
        "owner": "nix-community",
        "repo": "home-manager",
        "rev": "4c5106ed0f3168ff2df21b646aef67e86cbfc11c",
        "type": "github"
      },
      "original": {
        "owner": "nix-community",
        "repo": "home-manager",
        "type": "github"
      }
    },
    "neovim-flake": {
      "inputs": {
        "flake-utils": "flake-utils",
        "nixpkgs": [
          "neovim-nightly-overlay",
          "nixpkgs"
        ]
      },
      "locked": {
        "dir": "contrib",
        "lastModified": 1657954471,
        "narHash": "sha256-y0VXwj45sLenESKFaWQlfC2g0mJm+X+bNF7ZSpCUeqQ=",
        "owner": "neovim",
        "repo": "neovim",
        "rev": "711a6a915767a97300aba76fb9d79b9784bc76ce",
        "type": "github"
      },
      "original": {
        "dir": "contrib",
        "owner": "neovim",
        "repo": "neovim",
        "type": "github"
      }
    },
    "neovim-nightly-overlay": {
      "inputs": {
        "flake-compat": "flake-compat",
        "neovim-flake": "neovim-flake",
        "nixpkgs": "nixpkgs"
      },
      "locked": {
        "lastModified": 1657959323,
        "narHash": "sha256-m0G5Te947j0kRWz4jdPBjRwqdfqT9G7qvlCCup36e00=",
        "owner": "nix-community",
        "repo": "neovim-nightly-overlay",
        "rev": "8814849c4c7f1c12793a5b4683f365e2d9eae5d5",
        "type": "github"
      },
      "original": {
        "owner": "nix-community",
        "repo": "neovim-nightly-overlay",
        "type": "github"
      }
    },
    "nixpkgs": {
      "locked": {
        "lastModified": 1657802959,
        "narHash": "sha256-9+JWARSdlL8KiH3ymnKDXltE1vM+/WEJ78F5B1kjXys=",
        "owner": "nixos",
        "repo": "nixpkgs",
        "rev": "4a01ca36d6bfc133bc617e661916a81327c9bbc8",
        "type": "github"
      },
      "original": {
        "owner": "nixos",
        "ref": "nixos-unstable",
        "repo": "nixpkgs",
        "type": "github"
      }
    },
    "nixpkgs_2": {
      "locked": {
        "lastModified": 1657802959,
        "narHash": "sha256-9+JWARSdlL8KiH3ymnKDXltE1vM+/WEJ78F5B1kjXys=",
        "owner": "nixos",
        "repo": "nixpkgs",
        "rev": "4a01ca36d6bfc133bc617e661916a81327c9bbc8",
        "type": "github"
      },
      "original": {
        "owner": "nixos",
        "ref": "nixos-unstable",
        "repo": "nixpkgs",
        "type": "github"
      }
    },
    "nixpkgs_3": {
      "locked": {
        "lastModified": 1650628456,
        "narHash": "sha256-VIsBKejHEmRzEMcfkCaE1tD2ALsgp0cS750wDIsEkFo=",
        "owner": "nixos",
        "repo": "nixpkgs",
        "rev": "9453194b4efd99f0c4b610ceff210f1f29cee4bb",
        "type": "github"
      },
      "original": {
        "owner": "nixos",
        "ref": "release-21.11",
        "repo": "nixpkgs",
        "type": "github"
      }
    },
    "root": {
      "inputs": {
        "home-manager": "home-manager",
        "neovim-nightly-overlay": "neovim-nightly-overlay",
        "nixpkgs": "nixpkgs_2",
        "unison": "unison"
      }
    },
    "unison": {
      "inputs": {
        "flake-utils": "flake-utils_2",
        "nixpkgs": "nixpkgs_3",
        "unison": "unison_2"
      },
      "locked": {
        "lastModified": 1657917017,
        "narHash": "sha256-NqyMQJjCDqOIg2F61FA3hDk7eZUuUPwaJF5QS/Hb4m0=",
        "owner": "ceedubs",
        "repo": "unison-nix",
        "rev": "abf44c07317306732776171b28778b63b630fccc",
        "type": "github"
      },
      "original": {
        "owner": "ceedubs",
        "repo": "unison-nix",
        "type": "github"
      }
    },
    "unison_2": {
      "flake": false,
      "locked": {
        "lastModified": 1646077194,
        "narHash": "sha256-USM4z+69F1W7AaufoaUUhQvgIqnq82ZIycRotx06Ljs=",
        "owner": "unisonweb",
        "repo": "unison",
        "rev": "ef5d4296218acec57a0fe16f2e8b164de90bcb00",
        "type": "github"
      },
      "original": {
        "owner": "unisonweb",
        "repo": "unison",
        "type": "github"
      }
    },
    "utils": {
      "locked": {
        "lastModified": 1656928814,
        "narHash": "sha256-RIFfgBuKz6Hp89yRr7+NR5tzIAbn52h8vT6vXkYjZoM=",
        "owner": "numtide",
        "repo": "flake-utils",
        "rev": "7e2a3b3dfd9af950a856d66b0a7d01e3c18aa249",
        "type": "github"
      },
      "original": {
        "owner": "numtide",
        "repo": "flake-utils",
        "type": "github"
      }
    }
  },
  "root": "root",
  "version": 7
}
